
Microsoft Visual Studio Solution File, Format Version 12.00
# Visual Studio Version 17
VisualStudioVersion = 17.6.33815.320
MinimumVisualStudioVersion = 10.0.40219.1
Project("{8BC9CEB8-8B4A-11D0-8D11-00A0C91BC942}") = "06_ExceptionsWithTreads", "06_ExceptionsWithTreads.vcxproj", "{B531CA2B-ED6D-475E-98F0-5C4FDDE4DDEE}"
EndProject
Global
	GlobalSection(SolutionConfigurationPlatforms) = preSolution
		Debug|x64 = Debug|x64
		Debug|x86 = Debug|x86
		Release|x64 = Release|x64
		Release|x86 = Release|x86
	EndGlobalSection
	GlobalSection(ProjectConfigurationPlatforms) = postSolution
		{B531CA2B-ED6D-475E-98F0-5C4FDDE4DDEE}.Debug|x64.ActiveCfg = Debug|x64
		{B531CA2B-ED6D-475E-98F0-5C4FDDE4DDEE}.Debug|x64.Build.0 = Debug|x64
		{B531CA2B-ED6D-475E-98F0-5C4FDDE4DDEE}.Debug|x86.ActiveCfg = Debug|Win32
		{B531CA2B-ED6D-475E-98F0-5C4FDDE4DDEE}.Debug|x86.Build.0 = Debug|Win32
		{B531CA2B-ED6D-475E-98F0-5C4FDDE4DDEE}.Release|x64.ActiveCfg = Release|x64
		{B531CA2B-ED6D-475E-98F0-5C4FDDE4DDEE}.Release|x64.Build.0 = Release|x64
		{B531CA2B-ED6D-475E-98F0-5C4FDDE4DDEE}.Release|x86.ActiveCfg = Release|Win32
		{B531CA2B-ED6D-475E-98F0-5C4FDDE4DDEE}.Release|x86.Build.0 = Release|Win32
	EndGlobalSection
	GlobalSection(SolutionProperties) = preSolution
		HideSolutionNode = FALSE
	EndGlobalSection
	GlobalSection(ExtensibilityGlobals) = postSolution
		SolutionGuid = {955F00B0-56E9-4F38-B0C1-6A119BB76E99}
	EndGlobalSection
EndGlobal
